<?xml version="1.0" encoding="utf-8"?>
<Project ToolsVersion="4.0" xmlns="http://schemas.microsoft.com/developer/msbuild/2003">
  <ItemGroup>
    <Filter Include="base">
      <UniqueIdentifier>{f2425e99-2766-4392-8f43-a4e87afc6cad}</UniqueIdentifier>
    </Filter>
    <Filter Include="common_ex">
      <UniqueIdentifier>{9f82fe68-c9d0-495b-8a6c-8f158ddabcec}</UniqueIdentifier>
    </Filter>
    <Filter Include="main">
      <UniqueIdentifier>{27eb8105-f817-4105-87e0-2e24ebce7ebd}</UniqueIdentifier>
    </Filter>
    <Filter Include="a_lib_src">
      <UniqueIdentifier>{9164988a-6b95-4f41-82cb-defe91e34fec}</UniqueIdentifier>
    </Filter>
    <Filter Include="a_osen">
      <UniqueIdentifier>{84cf64a8-9c47-4429-8cd6-8d524bb69543}</UniqueIdentifier>
    </Filter>
    <Filter Include="main\chk_math">
      <UniqueIdentifier>{1278765a-27a2-4a49-a455-94b2d130d22b}</UniqueIdentifier>
    </Filter>
    <Filter Include="main\basic">
      <UniqueIdentifier>{3302e82b-7aef-4b15-8f5b-122c9b316f99}</UniqueIdentifier>
    </Filter>
    <Filter Include="main\fg">
      <UniqueIdentifier>{f8b8f61d-e662-43ed-8ed6-dc3b4b70a37e}</UniqueIdentifier>
    </Filter>
    <Filter Include="main\fw">
      <UniqueIdentifier>{b19ccf77-3bd2-45f1-8a4c-94ea7a59319a}</UniqueIdentifier>
    </Filter>
    <Filter Include="main\more">
      <UniqueIdentifier>{a2fa2bb1-1c75-45bf-a877-87cbab6a71ac}</UniqueIdentifier>
    </Filter>
    <Filter Include="main\tut">
      <UniqueIdentifier>{d5d67077-f14d-4edc-a33d-d349bd2dc22c}</UniqueIdentifier>
    </Filter>
    <Filter Include="a_lib_src\d3dxlib">
      <UniqueIdentifier>{f79efb8a-68a5-445b-a854-eceb4c244727}</UniqueIdentifier>
    </Filter>
    <Filter Include="a_lib_src\gl_loader">
      <UniqueIdentifier>{c0667af3-2877-4762-98e5-4d79a468e01d}</UniqueIdentifier>
    </Filter>
    <Filter Include="a_lib_src\vk_loader">
      <UniqueIdentifier>{c61307e9-7f7d-494f-b66c-a8aec7134193}</UniqueIdentifier>
    </Filter>
    <Filter Include="a_osen\humus">
      <UniqueIdentifier>{8e443644-0440-44c9-b8ac-8d82b7e7f30c}</UniqueIdentifier>
    </Filter>
    <Filter Include="a_osen\irr">
      <UniqueIdentifier>{3ea115d3-0eee-47b6-8824-eaada3c5be8f}</UniqueIdentifier>
    </Filter>
    <Filter Include="a_osen\jet">
      <UniqueIdentifier>{9800410e-cdf2-4178-b145-44b5d3c500b0}</UniqueIdentifier>
    </Filter>
    <Filter Include="a_osen\uni1">
      <UniqueIdentifier>{3359da97-d3a4-48e1-b42e-b928264fde4d}</UniqueIdentifier>
    </Filter>
    <Filter Include="a_osen\uni2">
      <UniqueIdentifier>{63a01f99-bc73-4163-b49f-19514cab64be}</UniqueIdentifier>
    </Filter>
    <Filter Include="a_osen\sb">
      <UniqueIdentifier>{2465ed10-b43f-4ae3-92f9-1970e6caa541}</UniqueIdentifier>
    </Filter>
    <Filter Include="base\cfg">
      <UniqueIdentifier>{396f15f4-cd4d-424d-a290-0b7a44a7545a}</UniqueIdentifier>
    </Filter>
    <Filter Include="base\ds">
      <UniqueIdentifier>{d182ec1e-2feb-4acb-a683-eaf398ef6a6a}</UniqueIdentifier>
    </Filter>
    <Filter Include="base\gmath">
      <UniqueIdentifier>{33165421-6558-4a31-b14f-c8f557a95288}</UniqueIdentifier>
    </Filter>
    <Filter Include="base\exp">
      <UniqueIdentifier>{22370cfe-8474-48c5-8994-ea72ddc862bf}</UniqueIdentifier>
    </Filter>
    <Filter Include="base\glm">
      <UniqueIdentifier>{56cce91e-7407-43f2-9933-4d3e7c97745f}</UniqueIdentifier>
    </Filter>
    <Filter Include="base\rnd_t3">
      <UniqueIdentifier>{66aa9c44-4b38-48a9-971d-984299b9c8a8}</UniqueIdentifier>
    </Filter>
    <Filter Include="base\z_base">
      <UniqueIdentifier>{74f785b2-f6dc-40f6-b48a-c2653607b6ee}</UniqueIdentifier>
    </Filter>
    <Filter Include="base\stb">
      <UniqueIdentifier>{5eda1a8f-240e-478a-b1ae-b7b8a0494be6}</UniqueIdentifier>
    </Filter>
    <Filter Include="base\rnd_t2">
      <UniqueIdentifier>{be83323c-4286-4d45-98e9-888932c9c0a9}</UniqueIdentifier>
    </Filter>
    <Filter Include="a_lib_src\volk">
      <UniqueIdentifier>{8e612857-8218-4e7a-b2bf-0b32f3e0ac62}</UniqueIdentifier>
    </Filter>
    <Filter Include="a_lib_src\glad">
      <UniqueIdentifier>{a2c1999f-c04d-4efc-9397-ba0dc6cc1411}</UniqueIdentifier>
    </Filter>
    <Filter Include="base\en_shared">
      <UniqueIdentifier>{c38d1b4d-105d-41d3-8fc7-a43ce5b774ad}</UniqueIdentifier>
    </Filter>
    <Filter Include="base\rs_shared">
      <UniqueIdentifier>{2c28a496-1e87-407f-b957-f4b81ddc2968}</UniqueIdentifier>
    </Filter>
  </ItemGroup>
  <ItemGroup>
    <ClCompile Include="con_basic.cpp">
      <Filter>main\basic</Filter>
    </ClCompile>
    <ClCompile Include="win_basic_wnd2.cpp">
      <Filter>main\basic</Filter>
    </ClCompile>
    <ClCompile Include="win_basic_wnd3.cpp">
      <Filter>main\basic</Filter>
    </ClCompile>
    <ClCompile Include="win_main_s.cpp">
      <Filter>main</Filter>
    </ClCompile>
    <ClCompile Include="win_main_t3.cpp">
      <Filter>main</Filter>
    </ClCompile>
    <ClCompile Include="base_def.cpp">
      <Filter>base\z_base</Filter>
    </ClCompile>
    <ClCompile Include="base_qshared.cpp">
      <Filter>base\z_base</Filter>
    </ClCompile>
    <ClCompile Include="win_main_t2.cpp">
      <Filter>main</Filter>
    </ClCompile>
    <ClCompile Include="win_main_irr.cpp">
      <Filter>main</Filter>
    </ClCompile>
    <ClCompile Include="win_main_sb.cpp">
      <Filter>main</Filter>
    </ClCompile>
    <ClCompile Include="base_win_util.cpp">
      <Filter>base\z_base</Filter>
    </ClCompile>
    <ClCompile Include="win32_loader_gl_wgl.cpp">
      <Filter>base\en_shared</Filter>
    </ClCompile>
    <ClCompile Include="win32_loader_vk.cpp">
      <Filter>base\en_shared</Filter>
    </ClCompile>
    <ClCompile Include="..\lib_src\gl_loader\gl_loader_compat.cpp">
      <Filter>a_lib_src\gl_loader</Filter>
    </ClCompile>
    <ClCompile Include="..\lib_src\gl_loader\gl_loader_core.cpp">
      <Filter>a_lib_src\gl_loader</Filter>
    </ClCompile>
    <ClCompile Include="..\lib_src\vk_loader\vk_loader_core.cpp">
      <Filter>a_lib_src\vk_loader</Filter>
    </ClCompile>
    <ClCompile Include="..\lib_src\vk_loader\vk_loader_win32.cpp">
      <Filter>a_lib_src\vk_loader</Filter>
    </ClCompile>
    <ClCompile Include="base_cfg.cpp">
      <Filter>base\cfg</Filter>
    </ClCompile>
    <ClCompile Include="base_def2.cpp">
      <Filter>base\z_base</Filter>
    </ClCompile>
    <ClCompile Include="chk_math.cpp">
      <Filter>main\chk_math</Filter>
    </ClCompile>
    <ClCompile Include="chk_math_con_main.cpp">
      <Filter>main\chk_math</Filter>
    </ClCompile>
    <ClCompile Include="con_main_ds.cpp">
      <Filter>main\more</Filter>
    </ClCompile>
    <ClCompile Include="stb_libs.cpp">
      <Filter>base\stb</Filter>
    </ClCompile>
    <ClCompile Include="tut_wm_rnd.cpp">
      <Filter>main\tut</Filter>
    </ClCompile>
    <ClCompile Include="..\lib_src\d3dxlib\TextureLoader\DDSTextureLoader11.cpp">
      <Filter>a_lib_src\d3dxlib</Filter>
    </ClCompile>
    <ClCompile Include="..\lib_src\d3dxlib\TextureLoader\WICTextureLoader11.cpp">
      <Filter>a_lib_src\d3dxlib</Filter>
    </ClCompile>
    <ClCompile Include="..\lib_src\volk\volk.c">
      <Filter>a_lib_src\volk</Filter>
    </ClCompile>
    <ClCompile Include="..\lib_src\glad\glad_compat\src\gl.c">
      <Filter>a_lib_src\glad</Filter>
    </ClCompile>
    <ClCompile Include="rs_gl_util.cpp">
      <Filter>base\rs_shared</Filter>
    </ClCompile>
  </ItemGroup>
  <ItemGroup>
    <ClInclude Include="base_types.h">
      <Filter>base\z_base</Filter>
    </ClInclude>
    <ClInclude Include="base_def.h">
      <Filter>base\z_base</Filter>
    </ClInclude>
    <ClInclude Include="base_console.h">
      <Filter>base\z_base</Filter>
    </ClInclude>
    <ClInclude Include="base_print.h">
      <Filter>base\z_base</Filter>
    </ClInclude>
    <ClInclude Include="base_io.h">
      <Filter>base\z_base</Filter>
    </ClInclude>
    <ClInclude Include="..\common\ext_base_def.h">
      <Filter>common_ex</Filter>
    </ClInclude>
    <ClInclude Include="..\common\ext_code.h">
      <Filter>common_ex</Filter>
    </ClInclude>
    <ClInclude Include="..\common\ext_empty.h">
      <Filter>common_ex</Filter>
    </ClInclude>
    <ClInclude Include="..\common\ext_func.h">
      <Filter>common_ex</Filter>
    </ClInclude>
    <ClInclude Include="..\common\ext_not_include.h">
      <Filter>common_ex</Filter>
    </ClInclude>
    <ClInclude Include="..\common\ext_old_ref_lib.h">
      <Filter>common_ex</Filter>
    </ClInclude>
    <ClInclude Include="game_timer_qpc.h">
      <Filter>base\en_shared</Filter>
    </ClInclude>
    <ClInclude Include="base_qshared.h">
      <Filter>base\z_base</Filter>
    </ClInclude>
    <ClInclude Include="base_gmath.h">
      <Filter>base\gmath</Filter>
    </ClInclude>
    <ClInclude Include="base_gmath_util.h">
      <Filter>base\gmath</Filter>
    </ClInclude>
    <ClInclude Include="base_math.h">
      <Filter>base\z_base</Filter>
    </ClInclude>
    <ClInclude Include="base_gmath_colors.h">
      <Filter>base\gmath</Filter>
    </ClInclude>
    <ClInclude Include="base_gmath_ex.h">
      <Filter>base\gmath</Filter>
    </ClInclude>
    <ClInclude Include="base_gmath_ex2.h">
      <Filter>base\gmath</Filter>
    </ClInclude>
    <ClInclude Include="win_app.h">
      <Filter>base\en_shared</Filter>
    </ClInclude>
    <ClInclude Include="base_win_util.h">
      <Filter>base\z_base</Filter>
    </ClInclude>
    <ClInclude Include="base_ds_st.h">
      <Filter>base\ds</Filter>
    </ClInclude>
    <ClInclude Include="base_ds2_unord_map.h">
      <Filter>base\ds</Filter>
    </ClInclude>
    <ClInclude Include="win32_loader_gl_wgl.h">
      <Filter>base\en_shared</Filter>
    </ClInclude>
    <ClInclude Include="win32_loader_vk.h">
      <Filter>base\en_shared</Filter>
    </ClInclude>
    <ClInclude Include="..\lib_src\gl_loader\gl_loader_compat.h">
      <Filter>a_lib_src\gl_loader</Filter>
    </ClInclude>
    <ClInclude Include="..\lib_src\gl_loader\gl_loader_core.h">
      <Filter>a_lib_src\gl_loader</Filter>
    </ClInclude>
    <ClInclude Include="..\lib_src\vk_loader\vk_loader_core.h">
      <Filter>a_lib_src\vk_loader</Filter>
    </ClInclude>
    <ClInclude Include="..\lib_src\vk_loader\vk_loader_win32.h">
      <Filter>a_lib_src\vk_loader</Filter>
    </ClInclude>
    <ClInclude Include="base_glm.h">
      <Filter>base\gmath</Filter>
    </ClInclude>
    <ClInclude Include="base_opengl_math.h">
      <Filter>base\gmath</Filter>
    </ClInclude>
    <ClInclude Include="base_ds_algorithm.h">
      <Filter>base\ds</Filter>
    </ClInclude>
    <ClInclude Include="base_ds_vector.h">
      <Filter>base\ds</Filter>
    </ClInclude>
    <ClInclude Include="base_ds_iterators.h">
      <Filter>base\ds</Filter>
    </ClInclude>
    <ClInclude Include="base_ds_string.h">
      <Filter>base\ds</Filter>
    </ClInclude>
    <ClInclude Include="base_ds_ord_map.h">
      <Filter>base\ds</Filter>
    </ClInclude>
    <ClInclude Include="base_cfg.h">
      <Filter>base\cfg</Filter>
    </ClInclude>
    <ClInclude Include="base_def2.h">
      <Filter>base\z_base</Filter>
    </ClInclude>
    <ClInclude Include="base_ds_std_cont.h">
      <Filter>base\ds</Filter>
    </ClInclude>
    <ClInclude Include="chk_math.h">
      <Filter>main\chk_math</Filter>
    </ClInclude>
    <ClInclude Include="base_ostrz.h">
      <Filter>base\z_base</Filter>
    </ClInclude>
    <ClInclude Include="tut_d3d9b.h">
      <Filter>main\tut</Filter>
    </ClInclude>
    <ClInclude Include="tut_renderer.h">
      <Filter>main\tut</Filter>
    </ClInclude>
    <ClInclude Include="base_ds_string_sso.h">
      <Filter>base\ds</Filter>
    </ClInclude>
    <ClInclude Include="exp_ini.h">
      <Filter>base\exp</Filter>
    </ClInclude>
    <ClInclude Include="exp_allocator.h">
      <Filter>base\exp</Filter>
    </ClInclude>
    <ClInclude Include="..\lib_src\d3dxlib\TextureLoader\DDSTextureLoader11.h">
      <Filter>a_lib_src\d3dxlib</Filter>
    </ClInclude>
    <ClInclude Include="..\lib_src\d3dxlib\TextureLoader\WICTextureLoader11.h">
      <Filter>a_lib_src\d3dxlib</Filter>
    </ClInclude>
    <ClInclude Include="..\lib_src\volk\volk.h">
      <Filter>a_lib_src\volk</Filter>
    </ClInclude>
    <ClInclude Include="..\lib_src\glad\glad_compat\include\glad\gl.h">
      <Filter>a_lib_src\glad</Filter>
    </ClInclude>
    <ClInclude Include="rnd_t2\t2_rs_d3d9b.h">
      <Filter>base\rnd_t2</Filter>
    </ClInclude>
    <ClInclude Include="rnd_t2\t2_rs_d3d9c.h">
      <Filter>base\rnd_t2</Filter>
    </ClInclude>
    <ClInclude Include="rnd_t2\t2_rs_d3d10.h">
      <Filter>base\rnd_t2</Filter>
    </ClInclude>
    <ClInclude Include="rnd_t2\t2_rs_d3d11.h">
      <Filter>base\rnd_t2</Filter>
    </ClInclude>
    <ClInclude Include="rnd_t2\t2_rs_d3d12.h">
      <Filter>base\rnd_t2</Filter>
    </ClInclude>
    <ClInclude Include="rnd_t2\t2_rs_gl2.h">
      <Filter>base\rnd_t2</Filter>
    </ClInclude>
    <ClInclude Include="rnd_t2\t2_rs_gl4.h">
      <Filter>base\rnd_t2</Filter>
    </ClInclude>
    <ClInclude Include="rnd_t2\t2_rs_irenderer.h">
      <Filter>base\rnd_t2</Filter>
    </ClInclude>
    <ClInclude Include="rnd_t2\t2_rs_vk.h">
      <Filter>base\rnd_t2</Filter>
    </ClInclude>
    <ClInclude Include="rs_camera_la.h">
      <Filter>base\rs_shared</Filter>
    </ClInclude>
    <ClInclude Include="rs_shared.h">
      <Filter>base\rs_shared</Filter>
    </ClInclude>
    <ClInclude Include="rs_vertex_formats.h">
      <Filter>base\rs_shared</Filter>
    </ClInclude>
    <ClInclude Include="rs_gl_util.h">
      <Filter>base\rs_shared</Filter>
    </ClInclude>
    <ClInclude Include="rs_hdr_d3d9.h">
      <Filter>base\rs_shared</Filter>
    </ClInclude>
    <ClInclude Include="rs_hdr_gl.h">
      <Filter>base\rs_shared</Filter>
    </ClInclude>
    <ClInclude Include="rs_d3d9_util.h">
      <Filter>base\rs_shared</Filter>
    </ClInclude>
    <ClInclude Include="rs_hdr_d3d11.h">
      <Filter>base\rs_shared</Filter>
    </ClInclude>
  </ItemGroup>
</Project>