<?xml version="1.0" encoding="utf-8"?>
<Project ToolsVersion="4.0" xmlns="http://schemas.microsoft.com/developer/msbuild/2003">
  <ItemGroup>
    <Filter Include="main">
      <UniqueIdentifier>{4FC737F1-C7A5-4376-A066-2A32D752A2FF}</UniqueIdentifier>
      <Extensions>cpp;c;cc;cxx;c++;cppm;ixx;def;odl;idl;hpj;bat;asm;asmx</Extensions>
    </Filter>
    <Filter Include="base">
      <UniqueIdentifier>{9fd4d0ba-4d25-4892-ad47-6c1304fdc49c}</UniqueIdentifier>
    </Filter>
    <Filter Include="main\basic">
      <UniqueIdentifier>{68afdcfb-cadd-4c88-8a7a-10fa5d2535bc}</UniqueIdentifier>
    </Filter>
    <Filter Include="main\more">
      <UniqueIdentifier>{186fd67b-4572-457b-9723-58a97d1c4def}</UniqueIdentifier>
    </Filter>
    <Filter Include="a_lib_src">
      <UniqueIdentifier>{7d0dc028-7b46-4ff2-8176-6af6b10c02be}</UniqueIdentifier>
    </Filter>
    <Filter Include="a_lib_src\d3dxlib">
      <UniqueIdentifier>{4026297a-9c4d-4c3f-8cda-4689dcd64ebc}</UniqueIdentifier>
    </Filter>
    <Filter Include="a_lib_src\vk_loader">
      <UniqueIdentifier>{0ff26c58-ddf1-4df7-a9c4-15ba8d21f818}</UniqueIdentifier>
    </Filter>
    <Filter Include="a_lib_src\volk">
      <UniqueIdentifier>{737f79d2-161c-43a7-866a-71a7b1eceba6}</UniqueIdentifier>
    </Filter>
    <Filter Include="a_lib_src\glad_compat">
      <UniqueIdentifier>{47530922-823e-4a68-b8d6-3bbea11b08f4}</UniqueIdentifier>
    </Filter>
    <Filter Include="a_lib_src\glad_core">
      <UniqueIdentifier>{cb7a8a60-e88d-43d1-9169-963b3df50905}</UniqueIdentifier>
    </Filter>
    <Filter Include="a_osen">
      <UniqueIdentifier>{f8de04d2-6d9b-476b-8008-2ac3db22c47d}</UniqueIdentifier>
    </Filter>
    <Filter Include="a_osen\irr">
      <UniqueIdentifier>{40b6650c-81c2-4ea8-a439-ea0db0fa19ec}</UniqueIdentifier>
    </Filter>
    <Filter Include="a_osen\sb">
      <UniqueIdentifier>{7cd750a9-93a4-4a78-8d54-348a9b31dc26}</UniqueIdentifier>
    </Filter>
    <Filter Include="base\z_base">
      <UniqueIdentifier>{8bee4fb0-e707-4beb-831b-d05cdf1343dd}</UniqueIdentifier>
    </Filter>
    <Filter Include="base\en_shared">
      <UniqueIdentifier>{bc261af4-5ee5-4eed-865a-26472cc365c8}</UniqueIdentifier>
    </Filter>
    <Filter Include="base\rnd_t3">
      <UniqueIdentifier>{0cddfd61-44b8-4b9c-93ea-022b60a6fcea}</UniqueIdentifier>
    </Filter>
    <Filter Include="base\rnd_t2">
      <UniqueIdentifier>{1eca2529-f65a-4e22-a137-767622fe4298}</UniqueIdentifier>
    </Filter>
    <Filter Include="base\gmath">
      <UniqueIdentifier>{a475784f-1872-446f-a8a7-021104151d56}</UniqueIdentifier>
    </Filter>
    <Filter Include="base\rs_shared">
      <UniqueIdentifier>{1d59cee6-dec2-4944-a03d-45d13dde5046}</UniqueIdentifier>
    </Filter>
    <Filter Include="base\stb_cpp">
      <UniqueIdentifier>{5fe8d990-eb3e-4c32-b9a0-dec1828722ea}</UniqueIdentifier>
    </Filter>
    <Filter Include="common_ex">
      <UniqueIdentifier>{f2f43033-88b7-48ee-864a-97b522ac2462}</UniqueIdentifier>
    </Filter>
    <Filter Include="a_zexp">
      <UniqueIdentifier>{92735a01-1824-4147-9648-2a688c49d689}</UniqueIdentifier>
    </Filter>
    <Filter Include="a_zexp\ds">
      <UniqueIdentifier>{36de51db-3933-4d5d-8ab3-d363fa3e51f6}</UniqueIdentifier>
    </Filter>
    <Filter Include="a_zexp\exp">
      <UniqueIdentifier>{2d9d236e-48fd-4efd-9555-a1762d540465}</UniqueIdentifier>
    </Filter>
    <Filter Include="base\rs_hf_sdk">
      <UniqueIdentifier>{fa843e07-f86c-4886-af0a-652cacc2232f}</UniqueIdentifier>
    </Filter>
  </ItemGroup>
  <ItemGroup>
    <ClCompile Include="win_main_s.cpp">
      <Filter>main</Filter>
    </ClCompile>
    <ClCompile Include="win_main_t2.cpp">
      <Filter>main</Filter>
    </ClCompile>
    <ClCompile Include="win_main_t3.cpp">
      <Filter>main</Filter>
    </ClCompile>
    <ClCompile Include="win_main.cpp">
      <Filter>main\basic</Filter>
    </ClCompile>
    <ClCompile Include="con_basic.cpp">
      <Filter>main\basic</Filter>
    </ClCompile>
    <ClCompile Include="stb_libs.cpp">
      <Filter>base\stb_cpp</Filter>
    </ClCompile>
    <ClCompile Include="con_main_exp.cpp">
      <Filter>main\more</Filter>
    </ClCompile>
    <ClCompile Include="con_main_ds.cpp">
      <Filter>main\more</Filter>
    </ClCompile>
    <ClCompile Include="win_basic_wnd3.cpp">
      <Filter>main\basic</Filter>
    </ClCompile>
  </ItemGroup>
  <ItemGroup>
    <ClInclude Include="bs_types.h">
      <Filter>base\z_base</Filter>
    </ClInclude>
    <ClInclude Include="..\common\ext_empty.h">
      <Filter>common_ex</Filter>
    </ClInclude>
    <ClInclude Include="..\common\ext_not_include.h">
      <Filter>common_ex</Filter>
    </ClInclude>
    <ClInclude Include="..\common\ext_old_ref_lib.h">
      <Filter>common_ex</Filter>
    </ClInclude>
    <ClInclude Include="bs_def.h">
      <Filter>base\z_base</Filter>
    </ClInclude>
    <ClInclude Include="rs_hf_sdk_d3d9.h">
      <Filter>base\rs_hf_sdk</Filter>
    </ClInclude>
    <ClInclude Include="rs_hf_sdk_d3d10.h">
      <Filter>base\rs_hf_sdk</Filter>
    </ClInclude>
    <ClInclude Include="rs_hf_sdk_d3d11.h">
      <Filter>base\rs_hf_sdk</Filter>
    </ClInclude>
    <ClInclude Include="rs_hf_sdk_d3d12.h">
      <Filter>base\rs_hf_sdk</Filter>
    </ClInclude>
    <ClInclude Include="rs_hf_sdk_gl.h">
      <Filter>base\rs_hf_sdk</Filter>
    </ClInclude>
    <ClInclude Include="bs_mbstr.h">
      <Filter>base\z_base</Filter>
    </ClInclude>
    <ClInclude Include="bs_std_cont.h">
      <Filter>base\z_base</Filter>
    </ClInclude>
    <ClInclude Include="bs_print.h">
      <Filter>base\z_base</Filter>
    </ClInclude>
    <ClInclude Include="bs_format.h">
      <Filter>base\z_base</Filter>
    </ClInclude>
    <ClInclude Include="bs_gmath_types.h">
      <Filter>base\gmath</Filter>
    </ClInclude>
    <ClInclude Include="bs_gmath.h">
      <Filter>base\gmath</Filter>
    </ClInclude>
    <ClInclude Include="bs_gmath2.h">
      <Filter>base\gmath</Filter>
    </ClInclude>
    <ClInclude Include="bs_console.h">
      <Filter>base\z_base</Filter>
    </ClInclude>
    <ClInclude Include="win_app_simple.h">
      <Filter>base\en_shared</Filter>
    </ClInclude>
    <ClInclude Include="bs_ds_util.h">
      <Filter>a_zexp\ds</Filter>
    </ClInclude>
    <ClInclude Include="bs_win_util.h">
      <Filter>base\z_base</Filter>
    </ClInclude>
    <ClInclude Include="bs_math.h">
      <Filter>base\gmath</Filter>
    </ClInclude>
    <ClInclude Include="bs_gmath_class.h">
      <Filter>base\gmath</Filter>
    </ClInclude>
    <ClInclude Include="bs_gmath_glm.h">
      <Filter>base\gmath</Filter>
    </ClInclude>
    <ClInclude Include="rs_hf_sdk_vk.h">
      <Filter>base\rs_hf_sdk</Filter>
    </ClInclude>
    <ClInclude Include="bs_ds_vector.h">
      <Filter>a_zexp\ds</Filter>
    </ClInclude>
    <ClInclude Include="bs_ds_string.h">
      <Filter>a_zexp\ds</Filter>
    </ClInclude>
    <ClInclude Include="bs_ds_list.h">
      <Filter>a_zexp\ds</Filter>
    </ClInclude>
    <ClInclude Include="bs_ds_optional.h">
      <Filter>a_zexp\ds</Filter>
    </ClInclude>
    <ClInclude Include="bs_ds_hashmap_rh.h">
      <Filter>a_zexp\ds</Filter>
    </ClInclude>
    <ClInclude Include="bs_ds_unord_map.h">
      <Filter>a_zexp\ds</Filter>
    </ClInclude>
    <ClInclude Include="bs_ds_dequeue.h">
      <Filter>a_zexp\ds</Filter>
    </ClInclude>
  </ItemGroup>
</Project>